
Microsoft Visual Studio Solution File, Format Version 12.00
# Visual Studio 15
Project("{FAE04EC0-301F-11D3-BF4B-00C04F79EFBC}") = "Assembly-CSharp", "Assembly-CSharp.csproj", "{D7895036-C726-E6EB-0746-69C189DF22B4}"
EndProject
Project("{FAE04EC0-301F-11D3-BF4B-00C04F79EFBC}") = "NavMeshComponents", "NavMeshComponents.csproj", "{22042B42-75BC-FD85-A4DF-868D1FE30211}"
EndProject
Project("{FAE04EC0-301F-11D3-BF4B-00C04F79EFBC}") = "Assembly-CSharp-Editor", "Assembly-CSharp-Editor.csproj", "{9F9D55ED-0C03-B97C-61FB-9D2CE4382C69}"
EndProject
Project("{FAE04EC0-301F-11D3-BF4B-00C04F79EFBC}") = "NavMeshComponentsEditor", "NavMeshComponentsEditor.csproj", "{DFC253D8-1024-3597-7F82-D43C01628C0E}"
EndProject
Global
	GlobalSection(SolutionConfigurationPlatforms) = preSolution
		Debug|Any CPU = Debug|Any CPU
		Release|Any CPU = Release|Any CPU
	EndGlobalSection
	GlobalSection(ProjectConfigurationPlatforms) = postSolution
		{D7895036-C726-E6EB-0746-69C189DF22B4}.Debug|Any CPU.ActiveCfg = Debug|Any CPU
		{D7895036-C726-E6EB-0746-69C189DF22B4}.Debug|Any CPU.Build.0 = Debug|Any CPU
		{D7895036-C726-E6EB-0746-69C189DF22B4}.Release|Any CPU.ActiveCfg = Release|Any CPU
		{D7895036-C726-E6EB-0746-69C189DF22B4}.Release|Any CPU.Build.0 = Release|Any CPU
		{22042B42-75BC-FD85-A4DF-868D1FE30211}.Debug|Any CPU.ActiveCfg = Debug|Any CPU
		{22042B42-75BC-FD85-A4DF-868D1FE30211}.Debug|Any CPU.Build.0 = Debug|Any CPU
		{22042B42-75BC-FD85-A4DF-868D1FE30211}.Release|Any CPU.ActiveCfg = Release|Any CPU
		{22042B42-75BC-FD85-A4DF-868D1FE30211}.Release|Any CPU.Build.0 = Release|Any CPU
		{9F9D55ED-0C03-B97C-61FB-9D2CE4382C69}.Debug|Any CPU.ActiveCfg = Debug|Any CPU
		{9F9D55ED-0C03-B97C-61FB-9D2CE4382C69}.Debug|Any CPU.Build.0 = Debug|Any CPU
		{9F9D55ED-0C03-B97C-61FB-9D2CE4382C69}.Release|Any CPU.ActiveCfg = Release|Any CPU
		{9F9D55ED-0C03-B97C-61FB-9D2CE4382C69}.Release|Any CPU.Build.0 = Release|Any CPU
		{DFC253D8-1024-3597-7F82-D43C01628C0E}.Debug|Any CPU.ActiveCfg = Debug|Any CPU
		{DFC253D8-1024-3597-7F82-D43C01628C0E}.Debug|Any CPU.Build.0 = Debug|Any CPU
		{DFC253D8-1024-3597-7F82-D43C01628C0E}.Release|Any CPU.ActiveCfg = Release|Any CPU
		{DFC253D8-1024-3597-7F82-D43C01628C0E}.Release|Any CPU.Build.0 = Release|Any CPU
	EndGlobalSection
	GlobalSection(SolutionProperties) = preSolution
		HideSolutionNode = FALSE
	EndGlobalSection
EndGlobal
